
Microsoft Visual Studio Solution File, Format Version 12.00
# Visual Studio Version 16
VisualStudioVersion = 16.0.29123.88
MinimumVisualStudioVersion = 10.0.40219.1
Project("{FAE04EC0-301F-11D3-BF4B-00C04F79EFBC}") = "RPSLSGame", "RPSLSGmae\RPSLSGame.csproj", "{FF029814-5D7E-4042-8B11-0A64B4F7E0C3}"
EndProject
Global
	GlobalSection(SolutionConfigurationPlatforms) = preSolution
		Debug|Any CPU = Debug|Any CPU
		Release|Any CPU = Release|Any CPU
	EndGlobalSection
	GlobalSection(ProjectConfigurationPlatforms) = postSolution
		{FF029814-5D7E-4042-8B11-0A64B4F7E0C3}.Debug|Any CPU.ActiveCfg = Debug|Any CPU
		{FF029814-5D7E-4042-8B11-0A64B4F7E0C3}.Debug|Any CPU.Build.0 = Debug|Any CPU
		{FF029814-5D7E-4042-8B11-0A64B4F7E0C3}.Release|Any CPU.ActiveCfg = Release|Any CPU
		{FF029814-5D7E-4042-8B11-0A64B4F7E0C3}.Release|Any CPU.Build.0 = Release|Any CPU
	EndGlobalSection
	GlobalSection(SolutionProperties) = preSolution
		HideSolutionNode = FALSE
	EndGlobalSection
	GlobalSection(ExtensibilityGlobals) = postSolution
		SolutionGuid = {D6D21C89-7385-4863-9301-3F88A94B87AF}
	EndGlobalSection
EndGlobal
